<Solution>
  <Configurations>
    <Platform Name="x64" />
  </Configurations>
  <Project Path="BinarySearch/BinarySearch.vcxproj" Id="c1ac0ff6-6e25-4663-93b2-cfe40c1528cc" />
  <Project Path="BruteForce/BruteForce.vcxproj" Id="65e756ff-838d-4bec-8e2c-345d8ce3f8d1" />
  <Project Path="BubbleSort/BubbleSort.vcxproj" Id="4ad0f7cd-e964-4441-888e-453c623476d1" />
  <Project Path="Random/Random.vcxproj" Id="0a4eb0ec-2c42-4711-b8c5-944cf9b525b1" />
  <Project Path="Recursive/Recursive.vcxproj" Id="9fab93be-2129-441f-bc82-3a7f05330dde" />
  <Project Path="SelectionSort/SelectionSort.vcxproj" Id="6cf04b21-3769-436d-8f43-84c301033796" />
</Solution>
